
Microsoft Visual Studio Solution File, Format Version 12.00
# Visual Studio Version 17
VisualStudioVersion = 17.4.33110.190
MinimumVisualStudioVersion = 10.0.40219.1
Project("{FAE04EC0-301F-11D3-BF4B-00C04F79EFBC}") = "CDP.API", "CDP.API\CDP.API.csproj", "{134F2F63-0894-4B8D-AD46-87EA6E9074FF}"
EndProject
Project("{FAE04EC0-301F-11D3-BF4B-00C04F79EFBC}") = "CDP.Domain", "CDP.Domain\CDP.Domain.csproj", "{2BE081CD-3E46-49EE-A0A9-469F735A2308}"
EndProject
Project("{FAE04EC0-301F-11D3-BF4B-00C04F79EFBC}") = "CDP.Persistence", "CDP.Persistence\CDP.Persistence.csproj", "{8B5C5BBF-5E12-4397-9F1C-AB3A13A0CAF1}"
EndProject
Project("{FAE04EC0-301F-11D3-BF4B-00C04F79EFBC}") = "CDP.Application", "CDP.Application\CDP.Application.csproj", "{7D5A9AE3-FA34-4B88-A5E5-E141C7BF855B}"
EndProject
Global
	GlobalSection(SolutionConfigurationPlatforms) = preSolution
		Debug|Any CPU = Debug|Any CPU
		Release|Any CPU = Release|Any CPU
	EndGlobalSection
	GlobalSection(ProjectConfigurationPlatforms) = postSolution
		{134F2F63-0894-4B8D-AD46-87EA6E9074FF}.Debug|Any CPU.ActiveCfg = Debug|Any CPU
		{134F2F63-0894-4B8D-AD46-87EA6E9074FF}.Debug|Any CPU.Build.0 = Debug|Any CPU
		{134F2F63-0894-4B8D-AD46-87EA6E9074FF}.Release|Any CPU.ActiveCfg = Release|Any CPU
		{134F2F63-0894-4B8D-AD46-87EA6E9074FF}.Release|Any CPU.Build.0 = Release|Any CPU
		{2BE081CD-3E46-49EE-A0A9-469F735A2308}.Debug|Any CPU.ActiveCfg = Debug|Any CPU
		{2BE081CD-3E46-49EE-A0A9-469F735A2308}.Debug|Any CPU.Build.0 = Debug|Any CPU
		{2BE081CD-3E46-49EE-A0A9-469F735A2308}.Release|Any CPU.ActiveCfg = Release|Any CPU
		{2BE081CD-3E46-49EE-A0A9-469F735A2308}.Release|Any CPU.Build.0 = Release|Any CPU
		{8B5C5BBF-5E12-4397-9F1C-AB3A13A0CAF1}.Debug|Any CPU.ActiveCfg = Debug|Any CPU
		{8B5C5BBF-5E12-4397-9F1C-AB3A13A0CAF1}.Debug|Any CPU.Build.0 = Debug|Any CPU
		{8B5C5BBF-5E12-4397-9F1C-AB3A13A0CAF1}.Release|Any CPU.ActiveCfg = Release|Any CPU
		{8B5C5BBF-5E12-4397-9F1C-AB3A13A0CAF1}.Release|Any CPU.Build.0 = Release|Any CPU
		{7D5A9AE3-FA34-4B88-A5E5-E141C7BF855B}.Debug|Any CPU.ActiveCfg = Debug|Any CPU
		{7D5A9AE3-FA34-4B88-A5E5-E141C7BF855B}.Debug|Any CPU.Build.0 = Debug|Any CPU
		{7D5A9AE3-FA34-4B88-A5E5-E141C7BF855B}.Release|Any CPU.ActiveCfg = Release|Any CPU
		{7D5A9AE3-FA34-4B88-A5E5-E141C7BF855B}.Release|Any CPU.Build.0 = Release|Any CPU
	EndGlobalSection
	GlobalSection(SolutionProperties) = preSolution
		HideSolutionNode = FALSE
	EndGlobalSection
	GlobalSection(ExtensibilityGlobals) = postSolution
		SolutionGuid = {3208483A-2C23-43E9-B548-4E85AECE5A38}
	EndGlobalSection
EndGlobal
